# This file is generated by running "yarn install" inside your project.
# Manual changes might be lost - proceed with caution!

__metadata:
  version: 4
  cacheKey: 7

"bent@npm:latest":
  version: 7.3.12
  resolution: "bent@npm:7.3.12"
  dependencies:
    bytesish: ^0.4.1
    caseless: ~0.12.0
    is-stream: ^2.0.0
  checksum: 172ebf5ecb2ad32d1d8e57798d95190ce2957df869eebc39768e5897a0b628cd6b779e267320c795753b58e7dba57121d6959d34dbea9eb2df84350494bb0243
  languageName: node
  linkType: hard

"bytesish@npm:^0.4.1":
  version: 0.4.4
  resolution: "bytesish@npm:0.4.4"
  checksum: 5f27669941a6e682b42753af12579c8017a7e6cf96b2fae1a24185c734cfce2f589bc20104cc8b65af6ce37fd669375cfc55b6a14d242fcb94fbde08d3e70219
  languageName: node
  linkType: hard

"caseless@npm:~0.12.0":
  version: 0.12.0
  resolution: "caseless@npm:0.12.0"
  checksum: 147f48bff9bebf029d7050e2335da3f8d295f26d157edf08d8c3282c804dae04a462c4cd6efa8179755686aa3aeaca5c28f3e7f3559698bc0484c65e46c36c5b
  languageName: node
  linkType: hard

"is-stream@npm:^2.0.0":
  version: 2.0.0
  resolution: "is-stream@npm:2.0.0"
  checksum: f92ba04a8b8fafbade79bdaada53a044025db2fbd3fc2be978434db9a097a4afa457c2e3222c70c2ffc38854bde3a352593d6315463a54394f08ca9e51e32b50
  languageName: node
  linkType: hard

"ti-support@workspace:.":
  version: 0.0.0-use.local
  resolution: "ti-support@workspace:."
  dependencies:
    bent: latest
  languageName: unknown
  linkType: soft
